[root]
name = "faiyels"
version = "0.1.0"
dependencies = [
 "find_folder 0.3.0 (registry+https://github.com/rust-lang/crates.io-index)",
 "qmlrs 0.1.1 (registry+https://github.com/rust-lang/crates.io-index)",
]

[[package]]
name = "find_folder"
version = "0.3.0"
source = "registry+https://github.com/rust-lang/crates.io-index"

[[package]]
name = "libc"
version = "0.2.11"
source = "registry+https://github.com/rust-lang/crates.io-index"

[[package]]
name = "pkg-config"
version = "0.3.8"
source = "registry+https://github.com/rust-lang/crates.io-index"

[[package]]
name = "qmlrs"
version = "0.1.1"
source = "registry+https://github.com/rust-lang/crates.io-index"
dependencies = [
 "libc 0.2.11 (registry+https://github.com/rust-lang/crates.io-index)",
 "pkg-config 0.3.8 (registry+https://github.com/rust-lang/crates.io-index)",
]

